
Microsoft Visual Studio Solution File, Format Version 12.00
# Visual Studio Version 17
VisualStudioVersion = 17.4.33122.133
MinimumVisualStudioVersion = 10.0.40219.1
Project("{FAE04EC0-301F-11D3-BF4B-00C04F79EFBC}") = "ExcelAddIn", "ExcelAddIn\ExcelAddIn.csproj", "{23F626AF-90BF-46E9-B8A0-AD1D11A6A711}"
EndProject
Project("{FAE04EC0-301F-11D3-BF4B-00C04F79EFBC}") = "FileCopyPDA", "FileCopyPDA\FileCopyPDA.csproj", "{1B0E3C90-F1A5-4F7C-8DBA-279A986F01EC}"
EndProject
Global
	GlobalSection(SolutionConfigurationPlatforms) = preSolution
		Debug|Any CPU = Debug|Any CPU
		Release|Any CPU = Release|Any CPU
	EndGlobalSection
	GlobalSection(ProjectConfigurationPlatforms) = postSolution
		{23F626AF-90BF-46E9-B8A0-AD1D11A6A711}.Debug|Any CPU.ActiveCfg = Debug|Any CPU
		{23F626AF-90BF-46E9-B8A0-AD1D11A6A711}.Debug|Any CPU.Build.0 = Debug|Any CPU
		{23F626AF-90BF-46E9-B8A0-AD1D11A6A711}.Release|Any CPU.ActiveCfg = Release|Any CPU
		{23F626AF-90BF-46E9-B8A0-AD1D11A6A711}.Release|Any CPU.Build.0 = Release|Any CPU
		{1B0E3C90-F1A5-4F7C-8DBA-279A986F01EC}.Debug|Any CPU.ActiveCfg = Debug|Any CPU
		{1B0E3C90-F1A5-4F7C-8DBA-279A986F01EC}.Debug|Any CPU.Build.0 = Debug|Any CPU
		{1B0E3C90-F1A5-4F7C-8DBA-279A986F01EC}.Release|Any CPU.ActiveCfg = Release|Any CPU
		{1B0E3C90-F1A5-4F7C-8DBA-279A986F01EC}.Release|Any CPU.Build.0 = Release|Any CPU
	EndGlobalSection
	GlobalSection(SolutionProperties) = preSolution
		HideSolutionNode = FALSE
	EndGlobalSection
	GlobalSection(ExtensibilityGlobals) = postSolution
		SolutionGuid = {43080430-D941-4146-9113-750D266DDFEC}
	EndGlobalSection
EndGlobal
